
Microsoft Visual Studio Solution File, Format Version 12.00
# Visual Studio 15
VisualStudioVersion = 15.0.27130.2036
MinimumVisualStudioVersion = 10.0.40219.1
Project("{FAE04EC0-301F-11D3-BF4B-00C04F79EFBC}") = "MonsterClasses", "MonsterClasses\MonsterClasses.csproj", "{A6EE9236-8614-4D78-925F-2BBBD186A266}"
EndProject
Global
	GlobalSection(SolutionConfigurationPlatforms) = preSolution
		Debug|Any CPU = Debug|Any CPU
		Release|Any CPU = Release|Any CPU
	EndGlobalSection
	GlobalSection(ProjectConfigurationPlatforms) = postSolution
		{A6EE9236-8614-4D78-925F-2BBBD186A266}.Debug|Any CPU.ActiveCfg = Debug|Any CPU
		{A6EE9236-8614-4D78-925F-2BBBD186A266}.Debug|Any CPU.Build.0 = Debug|Any CPU
		{A6EE9236-8614-4D78-925F-2BBBD186A266}.Release|Any CPU.ActiveCfg = Release|Any CPU
		{A6EE9236-8614-4D78-925F-2BBBD186A266}.Release|Any CPU.Build.0 = Release|Any CPU
	EndGlobalSection
	GlobalSection(SolutionProperties) = preSolution
		HideSolutionNode = FALSE
	EndGlobalSection
	GlobalSection(ExtensibilityGlobals) = postSolution
		SolutionGuid = {24FD13B1-DC66-446C-8736-105A42BCC202}
	EndGlobalSection
EndGlobal
